lockfileVersion: '9.0'

settings:
  autoInstallPeers: true
  excludeLinksFromLockfile: false

importers:

  .:
    dependencies:
      '@tonconnect/ui-react':
        specifier: ^2.4.4
        version: 2.4.4(react-dom@19.2.4(react@19.2.4))(react@19.2.4)
      framer-motion:
        specifier: ^12.38.0
        version: 12.38.0(react-dom@19.2.4(react@19.2.4))(react@19.2.4)
      next:
        specifier: ^14.2.35
        version: 14.2.35(react-dom@19.2.4(react@19.2.4))(react@19.2.4)
      react:
        specifier: ^19.2.4
        version: 19.2.4
      react-dom:
        specifier: ^19.2.4
        version: 19.2.4(react@19.2.4)
      zustand:
        specifier: ^5.0.12
        version: 5.0.12(@types/react@19.2.14)(react@19.2.4)
    devDependencies:
      '@types/react':
        specifier: 19.2.14
        version: 19.2.14

packages:

  '@next/env@14.2.35':
    resolution: {integrity: sha512-DuhvCtj4t9Gwrx80dmz2F4t/zKQ4ktN8WrMwOuVzkJfBilwAwGr6v16M5eI8yCuZ63H9TTuEU09Iu2HqkzFPVQ==}

  '@next/swc-darwin-arm64@14.2.33':
    resolution: {integrity: sha512-HqYnb6pxlsshoSTubdXKu15g3iivcbsMXg4bYpjL2iS/V6aQot+iyF4BUc2qA/J/n55YtvE4PHMKWBKGCF/+wA==}
    engines: {node: '>= 10'}
    cpu: [arm64]
    os: [darwin]

  '@next/swc-darwin-x64@14.2.33':
    resolution: {integrity: sha512-8HGBeAE5rX3jzKvF593XTTFg3gxeU4f+UWnswa6JPhzaR6+zblO5+fjltJWIZc4aUalqTclvN2QtTC37LxvZAA==}
    engines: {node: '>= 10'}
    cpu: [x64]
    os: [darwin]

  '@next/swc-linux-arm64-gnu@14.2.33':
    resolution: {integrity: sha512-JXMBka6lNNmqbkvcTtaX8Gu5by9547bukHQvPoLe9VRBx1gHwzf5tdt4AaezW85HAB3pikcvyqBToRTDA4DeLw==}
    engines: {node: '>= 10'}
    cpu: [arm64]
    os: [linux]
    libc: [glibc]

  '@next/swc-linux-arm64-musl@14.2.33':
    resolution: {integrity: sha512-Bm+QulsAItD/x6Ih8wGIMfRJy4G73tu1HJsrccPW6AfqdZd0Sfm5Imhgkgq2+kly065rYMnCOxTBvmvFY1BKfg==}
    engines: {node: '>= 10'}
    cpu: [arm64]
    os: [linux]
    libc: [musl]

  '@next/swc-linux-x64-gnu@14.2.33':
    resolution: {integrity: sha512-FnFn+ZBgsVMbGDsTqo8zsnRzydvsGV8vfiWwUo1LD8FTmPTdV+otGSWKc4LJec0oSexFnCYVO4hX8P8qQKaSlg==}
    engines: {node: '>= 10'}
    cpu: [x64]
    os: [linux]
    libc: [glibc]

  '@next/swc-linux-x64-musl@14.2.33':
    resolution: {integrity: sha512-345tsIWMzoXaQndUTDv1qypDRiebFxGYx9pYkhwY4hBRaOLt8UGfiWKr9FSSHs25dFIf8ZqIFaPdy5MljdoawA==}
    engines: {node: '>= 10'}
    cpu: [x64]
    os: [linux]
    libc: [musl]

  '@next/swc-win32-arm64-msvc@14.2.33':
    resolution: {integrity: sha512-nscpt0G6UCTkrT2ppnJnFsYbPDQwmum4GNXYTeoTIdsmMydSKFz9Iny2jpaRupTb+Wl298+Rh82WKzt9LCcqSQ==}
    engines: {node: '>= 10'}
    cpu: [arm64]
    os: [win32]

  '@next/swc-win32-ia32-msvc@14.2.33':
    resolution: {integrity: sha512-pc9LpGNKhJ0dXQhZ5QMmYxtARwwmWLpeocFmVG5Z0DzWq5Uf0izcI8tLc+qOpqxO1PWqZ5A7J1blrUIKrIFc7Q==}
    engines: {node: '>= 10'}
    cpu: [ia32]
    os: [win32]

  '@next/swc-win32-x64-msvc@14.2.33':
    resolution: {integrity: sha512-nOjfZMy8B94MdisuzZo9/57xuFVLHJaDj5e/xrduJp9CV2/HrfxTRH2fbyLe+K9QT41WBLUd4iXX3R7jBp0EUg==}
    engines: {node: '>= 10'}
    cpu: [x64]
    os: [win32]

  '@swc/counter@0.1.3':
    resolution: {integrity: sha512-e2BR4lsJkkRlKZ/qCHPw9ZaSxc0MVUd7gtbtaB7aMvHeJVYe8sOB8DBZkP2DtISHGSku9sCK6T6cnY0CtXrOCQ==}

  '@swc/helpers@0.5.5':
    resolution: {integrity: sha512-KGYxvIOXcceOAbEk4bi/dVLEK9z8sZ0uBB3Il5b1rhfClSpcX0yfRO0KmTkqR2cnQDymwLB+25ZyMzICg/cm/A==}

  '@tonconnect/isomorphic-eventsource@0.0.2':
    resolution: {integrity: sha512-B4UoIjPi0QkvIzZH5fV3BQLWrqSYABdrzZQSI9sJA9aA+iC0ohOzFwVVGXanlxeDAy1bcvPbb29f6sVUk0UnnQ==}

  '@tonconnect/isomorphic-fetch@0.0.3':
    resolution: {integrity: sha512-jIg5nTrDwnite4fXao3dD83eCpTvInTjZon/rZZrIftIegh4XxyVb5G2mpMqXrVGk1e8SVXm3Kj5OtfMplQs0w==}

  '@tonconnect/protocol@2.4.0':
    resolution: {integrity: sha512-3xg6sMWIrSgW7/f7iPgOb2BI3LaMScjDMqfu20fcEMbOVvNFk3TGAUKK5cJ3pfvUINsyLgPoylcIbPap37jXiA==}

  '@tonconnect/sdk@3.4.1':
    resolution: {integrity: sha512-eVH8erAFout89gXYHXua/es+mmLPiW1r7ng9hgHKYQv85HLq8/zzQEkbJpbTlnIuQ6CJ/QKchjMsIgYz3BYCUQ==}

  '@tonconnect/ui-react@2.4.4':
    resolution: {integrity: sha512-4qpAABZK+nsJSQPGAVsj6xPtQ6HkqGIn/M984dNgp5eqVoaVHti0rCMOqcTutb3BScAvWLJoo3hONqNIg2fuEQ==}
    peerDependencies:
      react: '>=17.0.0'
      react-dom: '>=17.0.0'

  '@tonconnect/ui@2.4.4':
    resolution: {integrity: sha512-XgIHAkdimDk+YeRDPsQp7eOz2lM4aScYL3hiTP1Z9YgWRVROjEqTbw5ZP9pt6rgmYTzL26QpqhI6uNTFdYNFIA==}

  '@types/react@19.2.14':
    resolution: {integrity: sha512-ilcTH/UniCkMdtexkoCN0bI7pMcJDvmQFPvuPvmEaYA/NSfFTAgdUSLAoVjaRJm7+6PvcM+q1zYOwS4wTYMF9w==}

  busboy@1.6.0:
    resolution: {integrity: sha512-8SFQbg/0hQ9xy3UNTB0YEnsNBbWfhf7RtnzpL7TkBiTBRfrQ9Fxcnz7VJsleJpyp6rVLvXiuORqjlHi5q+PYuA==}
    engines: {node: '>=10.16.0'}

  caniuse-lite@1.0.30001782:
    resolution: {integrity: sha512-dZcaJLJeDMh4rELYFw1tvSn1bhZWYFOt468FcbHHxx/Z/dFidd1I6ciyFdi3iwfQCyOjqo9upF6lGQYtMiJWxw==}

  classnames@2.5.1:
    resolution: {integrity: sha512-saHYOzhIQs6wy2sVxTM6bUDsQO4F50V9RQ22qBpEdCW+I+/Wmke2HOl6lS6dTpdxVhb88/I6+Hs+438c3lfUow==}

  client-only@0.0.1:
    resolution: {integrity: sha512-IV3Ou0jSMzZrd3pZ48nLkT9DA7Ag1pnPzaiQhpW7c3RbcqqzvzzVu+L8gfqMp/8IM2MQtSiqaCxrrcfu8I8rMA==}

  csstype@3.2.3:
    resolution: {integrity: sha512-z1HGKcYy2xA8AGQfwrn0PAy+PB7X/GSj3UVJW9qKyn43xWa+gl5nXmU4qqLMRzWVLFC8KusUX8T/0kCiOYpAIQ==}

  deepmerge@4.3.1:
    resolution: {integrity: sha512-3sUqbMEc77XqpdNO7FRyRog+eW3ph+GYCbj+rK+uYyRMuwsVy0rMiVtPn+QJlKFvWP/1PYpapqYn0Me2knFn+A==}
    engines: {node: '>=0.10.0'}

  eventsource@2.0.2:
    resolution: {integrity: sha512-IzUmBGPR3+oUG9dUeXynyNmf91/3zUSJg1lCktzKw47OXuhco54U3r9B7O4XX+Rb1Itm9OZ2b0RkTs10bICOxA==}
    engines: {node: '>=12.0.0'}

  framer-motion@12.38.0:
    resolution: {integrity: sha512-rFYkY/pigbcswl1XQSb7q424kSTQ8q6eAC+YUsSKooHQYuLdzdHjrt6uxUC+PRAO++q5IS7+TamgIw1AphxR+g==}
    peerDependencies:
      '@emotion/is-prop-valid': '*'
      react: ^18.0.0 || ^19.0.0
      react-dom: ^18.0.0 || ^19.0.0
    peerDependenciesMeta:
      '@emotion/is-prop-valid':
        optional: true
      react:
        optional: true
      react-dom:
        optional: true

  graceful-fs@4.2.11:
    resolution: {integrity: sha512-RbJ5/jmFcNNCcDV5o9eTnBLJ/HszWV0P73bc+Ff4nS/rJj+YaS6IGyiOL0VoBYX+l1Wrl3k63h/KrH+nhJ0XvQ==}

  motion-dom@12.38.0:
    resolution: {integrity: sha512-pdkHLD8QYRp8VfiNLb8xIBJis1byQ9gPT3Jnh2jqfFtAsWUA3dEepDlsWe/xMpO8McV+VdpKVcp+E+TGJEtOoA==}

  motion-utils@12.36.0:
    resolution: {integrity: sha512-eHWisygbiwVvf6PZ1vhaHCLamvkSbPIeAYxWUuL3a2PD/TROgE7FvfHWTIH4vMl798QLfMw15nRqIaRDXTlYRg==}

  nanoid@3.3.11:
    resolution: {integrity: sha512-N8SpfPUnUp1bK+PMYW8qSWdl9U+wwNWI4QKxOYDy9JAro3WMX7p2OeVRF9v+347pnakNevPmiHhNmZ2HbFA76w==}
    engines: {node: ^10 || ^12 || ^13.7 || ^14 || >=15.0.1}
    hasBin: true

  next@14.2.35:
    resolution: {integrity: sha512-KhYd2Hjt/O1/1aZVX3dCwGXM1QmOV4eNM2UTacK5gipDdPN/oHHK/4oVGy7X8GMfPMsUTUEmGlsy0EY1YGAkig==}
    engines: {node: '>=18.17.0'}
    hasBin: true
    peerDependencies:
      '@opentelemetry/api': ^1.1.0
      '@playwright/test': ^1.41.2
      react: ^18.2.0
      react-dom: ^18.2.0
      sass: ^1.3.0
    peerDependenciesMeta:
      '@opentelemetry/api':
        optional: true
      '@playwright/test':
        optional: true
      sass:
        optional: true

  node-fetch@2.7.0:
    resolution: {integrity: sha512-c4FRfUm/dbcWZ7U+1Wq0AwCyFL+3nt2bEw05wfxSz+DWpWsitgmSgYmy2dQdWyKC1694ELPqMs/YzUSNozLt8A==}
    engines: {node: 4.x || >=6.0.0}
    peerDependencies:
      encoding: ^0.1.0
    peerDependenciesMeta:
      encoding:
        optional: true

  picocolors@1.1.1:
    resolution: {integrity: sha512-xceH2snhtb5M9liqDsmEw56le376mTZkEX/jEb/RxNFyegNul7eNslCXP9FDj/Lcu0X8KEyMceP2ntpaHrDEVA==}

  postcss@8.4.31:
    resolution: {integrity: sha512-PS08Iboia9mts/2ygV3eLpY5ghnUcfLV/EXTOW1E2qYxJKGGBUtNjN76FYHnMs36RmARn41bC0AZmn+rR0OVpQ==}
    engines: {node: ^10 || ^12 || >=14}

  react-dom@19.2.4:
    resolution: {integrity: sha512-AXJdLo8kgMbimY95O2aKQqsz2iWi9jMgKJhRBAxECE4IFxfcazB2LmzloIoibJI3C12IlY20+KFaLv+71bUJeQ==}
    peerDependencies:
      react: ^19.2.4

  react@19.2.4:
    resolution: {integrity: sha512-9nfp2hYpCwOjAN+8TZFGhtWEwgvWHXqESH8qT89AT/lWklpLON22Lc8pEtnpsZz7VmawabSU0gCjnj8aC0euHQ==}
    engines: {node: '>=0.10.0'}

  scheduler@0.27.0:
    resolution: {integrity: sha512-eNv+WrVbKu1f3vbYJT/xtiF5syA5HPIMtf9IgY/nKg0sWqzAUEvqY/xm7OcZc/qafLx/iO9FgOmeSAp4v5ti/Q==}

  source-map-js@1.2.1:
    resolution: {integrity: sha512-UXWMKhLOwVKb728IUtQPXxfYU+usdybtUrK/8uGE8CQMvrhOpwvzDBwj0QhSL7MQc7vIsISBG8VQ8+IDQxpfQA==}
    engines: {node: '>=0.10.0'}

  streamsearch@1.1.0:
    resolution: {integrity: sha512-Mcc5wHehp9aXz1ax6bZUyY5afg9u2rv5cqQI3mRrYkGC8rW2hM02jWuwjtL++LS5qinSyhj2QfLyNsuc+VsExg==}
    engines: {node: '>=10.0.0'}

  styled-jsx@5.1.1:
    resolution: {integrity: sha512-pW7uC1l4mBZ8ugbiZrcIsiIvVx1UmTfw7UkC3Um2tmfUq9Bhk8IiyEIPl6F8agHgjzku6j0xQEZbfA5uSgSaCw==}
    engines: {node: '>= 12.0.0'}
    peerDependencies:
      '@babel/core': '*'
      babel-plugin-macros: '*'
      react: '>= 16.8.0 || 17.x.x || ^18.0.0-0'
    peerDependenciesMeta:
      '@babel/core':
        optional: true
      babel-plugin-macros:
        optional: true

  tr46@0.0.3:
    resolution: {integrity: sha512-N3WMsuqV66lT30CrXNbEjx4GEwlow3v6rr4mCcv6prnfwhS01rkgyFdjPNBYd9br7LpXV1+Emh01fHnq2Gdgrw==}

  tslib@2.8.1:
    resolution: {integrity: sha512-oJFu94HQb+KVduSUQL7wnpmqnfmLsOA/nAh6b6EH0wCEoK0/mPeXU6c3wKDV83MkOuHPRHtSXKKU99IBazS/2w==}

  tweetnacl-util@0.15.1:
    resolution: {integrity: sha512-RKJBIj8lySrShN4w6i/BonWp2Z/uxwC3h4y7xsRrpP59ZboCd0GpEVsOnMDYLMmKBpYhb5TgHzZXy7wTfYFBRw==}

  tweetnacl@1.0.3:
    resolution: {integrity: sha512-6rt+RN7aOi1nGMyC4Xa5DdYiukl2UWCbcJft7YhxReBGQD7OAM8Pbxw6YMo4r2diNEA8FEmu32YOn9rhaiE5yw==}

  ua-parser-js@1.0.41:
    resolution: {integrity: sha512-LbBDqdIC5s8iROCUjMbW1f5dJQTEFB1+KO9ogbvlb3nm9n4YHa5p4KTvFPWvh2Hs8gZMBuiB1/8+pdfe/tDPug==}
    hasBin: true

  webidl-conversions@3.0.1:
    resolution: {integrity: sha512-2JAn3z8AR6rjK8Sm8orRC0h/bcl/DqL7tRPdGZ4I1CjdF+EaMLmYxBHyXuKL849eucPFhvBoxMsflfOb8kxaeQ==}

  whatwg-url@5.0.0:
    resolution: {integrity: sha512-saE57nupxk6v3HY35+jzBwYa0rKSy0XR8JSxZPwgLr7ys0IBzhGviA1/TUGJLmSVqs8pb9AnvICXEuOHLprYTw==}

  zustand@5.0.12:
    resolution: {integrity: sha512-i77ae3aZq4dhMlRhJVCYgMLKuSiZAaUPAct2AksxQ+gOtimhGMdXljRT21P5BNpeT4kXlLIckvkPM029OljD7g==}
    engines: {node: '>=12.20.0'}
    peerDependencies:
      '@types/react': '>=18.0.0'
      immer: '>=9.0.6'
      react: '>=18.0.0'
      use-sync-external-store: '>=1.2.0'
    peerDependenciesMeta:
      '@types/react':
        optional: true
      immer:
        optional: true
      react:
        optional: true
      use-sync-external-store:
        optional: true

snapshots:

  '@next/env@14.2.35': {}

  '@next/swc-darwin-arm64@14.2.33':
    optional: true

  '@next/swc-darwin-x64@14.2.33':
    optional: true

  '@next/swc-linux-arm64-gnu@14.2.33':
    optional: true

  '@next/swc-linux-arm64-musl@14.2.33':
    optional: true

  '@next/swc-linux-x64-gnu@14.2.33':
    optional: true

  '@next/swc-linux-x64-musl@14.2.33':
    optional: true

  '@next/swc-win32-arm64-msvc@14.2.33':
    optional: true

  '@next/swc-win32-ia32-msvc@14.2.33':
    optional: true

  '@next/swc-win32-x64-msvc@14.2.33':
    optional: true

  '@swc/counter@0.1.3': {}

  '@swc/helpers@0.5.5':
    dependencies:
      '@swc/counter': 0.1.3
      tslib: 2.8.1

  '@tonconnect/isomorphic-eventsource@0.0.2':
    dependencies:
      eventsource: 2.0.2

  '@tonconnect/isomorphic-fetch@0.0.3':
    dependencies:
      node-fetch: 2.7.0
    transitivePeerDependencies:
      - encoding

  '@tonconnect/protocol@2.4.0':
    dependencies:
      tweetnacl: 1.0.3
      tweetnacl-util: 0.15.1

  '@tonconnect/sdk@3.4.1':
    dependencies:
      '@tonconnect/isomorphic-eventsource': 0.0.2
      '@tonconnect/isomorphic-fetch': 0.0.3
      '@tonconnect/protocol': 2.4.0
    transitivePeerDependencies:
      - encoding

  '@tonconnect/ui-react@2.4.4(react-dom@19.2.4(react@19.2.4))(react@19.2.4)':
    dependencies:
      '@tonconnect/ui': 2.4.4
      react: 19.2.4
      react-dom: 19.2.4(react@19.2.4)
    transitivePeerDependencies:
      - encoding

  '@tonconnect/ui@2.4.4':
    dependencies:
      '@tonconnect/sdk': 3.4.1
      classnames: 2.5.1
      csstype: 3.2.3
      deepmerge: 4.3.1
      ua-parser-js: 1.0.41
    transitivePeerDependencies:
      - encoding

  '@types/react@19.2.14':
    dependencies:
      csstype: 3.2.3

  busboy@1.6.0:
    dependencies:
      streamsearch: 1.1.0

  caniuse-lite@1.0.30001782: {}

  classnames@2.5.1: {}

  client-only@0.0.1: {}

  csstype@3.2.3: {}

  deepmerge@4.3.1: {}

  eventsource@2.0.2: {}

  framer-motion@12.38.0(react-dom@19.2.4(react@19.2.4))(react@19.2.4):
    dependencies:
      motion-dom: 12.38.0
      motion-utils: 12.36.0
      tslib: 2.8.1
    optionalDependencies:
      react: 19.2.4
      react-dom: 19.2.4(react@19.2.4)

  graceful-fs@4.2.11: {}

  motion-dom@12.38.0:
    dependencies:
      motion-utils: 12.36.0

  motion-utils@12.36.0: {}

  nanoid@3.3.11: {}

  next@14.2.35(react-dom@19.2.4(react@19.2.4))(react@19.2.4):
    dependencies:
      '@next/env': 14.2.35
      '@swc/helpers': 0.5.5
      busboy: 1.6.0
      caniuse-lite: 1.0.30001782
      graceful-fs: 4.2.11
      postcss: 8.4.31
      react: 19.2.4
      react-dom: 19.2.4(react@19.2.4)
      styled-jsx: 5.1.1(react@19.2.4)
    optionalDependencies:
      '@next/swc-darwin-arm64': 14.2.33
      '@next/swc-darwin-x64': 14.2.33
      '@next/swc-linux-arm64-gnu': 14.2.33
      '@next/swc-linux-arm64-musl': 14.2.33
      '@next/swc-linux-x64-gnu': 14.2.33
      '@next/swc-linux-x64-musl': 14.2.33
      '@next/swc-win32-arm64-msvc': 14.2.33
      '@next/swc-win32-ia32-msvc': 14.2.33
      '@next/swc-win32-x64-msvc': 14.2.33
    transitivePeerDependencies:
      - '@babel/core'
      - babel-plugin-macros

  node-fetch@2.7.0:
    dependencies:
      whatwg-url: 5.0.0

  picocolors@1.1.1: {}

  postcss@8.4.31:
    dependencies:
      nanoid: 3.3.11
      picocolors: 1.1.1
      source-map-js: 1.2.1

  react-dom@19.2.4(react@19.2.4):
    dependencies:
      react: 19.2.4
      scheduler: 0.27.0

  react@19.2.4: {}

  scheduler@0.27.0: {}

  source-map-js@1.2.1: {}

  streamsearch@1.1.0: {}

  styled-jsx@5.1.1(react@19.2.4):
    dependencies:
      client-only: 0.0.1
      react: 19.2.4

  tr46@0.0.3: {}

  tslib@2.8.1: {}

  tweetnacl-util@0.15.1: {}

  tweetnacl@1.0.3: {}

  ua-parser-js@1.0.41: {}

  webidl-conversions@3.0.1: {}

  whatwg-url@5.0.0:
    dependencies:
      tr46: 0.0.3
      webidl-conversions: 3.0.1

  zustand@5.0.12(@types/react@19.2.14)(react@19.2.4):
    optionalDependencies:
      '@types/react': 19.2.14
      react: 19.2.4
